// !$*UTF8*$!
{
	archiveVersion = 1;
	classes = {
	};
	objectVersion = 46;
	objects = {

/* Begin PBXBuildFile section */
		EAD36B821DEACB940021D2E1 /* main.m in Sources */ = {isa = PBXBuildFile; fileRef = EAD36B811DEACB940021D2E1 /* main.m */; };
		EAD36B851DEACB940021D2E1 /* AppDelegate.m in Sources */ = {isa = PBXBuildFile; fileRef = EAD36B841DEACB940021D2E1 /* AppDelegate.m */; };
		EAD36B8D1DEACB940021D2E1 /* Assets.xcassets in Resources */ = {isa = PBXBuildFile; fileRef = EAD36B8C1DEACB940021D2E1 /* Assets.xcassets */; };
		EAD36B901DEACB940021D2E1 /* LaunchScreen.storyboard in Resources */ = {isa = PBXBuildFile; fileRef = EAD36B8E1DEACB940021D2E1 /* LaunchScreen.storyboard */; };
		EAD36B991DEACC0E0021D2E1 /* YHViewController.m in Sources */ = {isa = PBXBuildFile; fileRef = EAD36B981DEACC0E0021D2E1 /* YHViewController.m */; };
/* End PBXBuildFile section */

/* Begin PBXFileReference section */
		EAD36B7D1DEACB940021D2E1 /* waveProgress.app */ = {isa = PBXFileReference; explicitFileType = wrapper.application; includeInIndex = 0; path = waveProgress.app; sourceTree = BUILT_PRODUCTS_DIR; };
		EAD36B811DEACB940021D2E1 /* main.m */ = {isa = PBXFileReference; lastKnownFileType = sourcecode.c.objc; path = main.m; sourceTree = "<group>"; };
		EAD36B831DEACB940021D2E1 /* AppDelegate.h */ = {isa = PBXFileReference; lastKnownFileType = sourcecode.c.h; path = AppDelegate.h; sourceTree = "<group>"; };
		EAD36B841DEACB940021D2E1 /* AppDelegate.m */ = {isa = PBXFileReference; lastKnownFileType = sourcecode.c.objc; path = AppDelegate.m; sourceTree = "<group>"; };
		EAD36B8C1DEACB940021D2E1 /* Assets.xcassets */ = {isa = PBXFileReference; lastKnownFileType = folder.assetcatalog; path = Assets.xcassets; sourceTree = "<group>"; };
		EAD36B8F1DEACB940021D2E1 /* Base */ = {isa = PBXFileReference; lastKnownFileType = file.storyboard; name = Base; path = Base.lproj/LaunchScreen.storyboard; sourceTree = "<group>"; };
		EAD36B911DEACB940021D2E1 /* Info.plist */ = {isa = PBXFileReference; lastKnownFileType = text.plist.xml; path = Info.plist; sourceTree = "<group>"; };
		EAD36B971DEACC0E0021D2E1 /* YHViewController.h */ = {isa = PBXFileReference; fileEncoding = 4; lastKnownFileType = sourcecode.c.h; path = YHViewController.h; sourceTree = "<group>"; };
		EAD36B981DEACC0E0021D2E1 /* YHViewController.m */ = {isa = PBXFileReference; fileEncoding = 4; lastKnownFileType = sourcecode.c.objc; path = YHViewController.m; sourceTree = "<group>"; };
/* End PBXFileReference section */

/* Begin PBXFrameworksBuildPhase section */
		EAD36B7A1DEACB940021D2E1 /* Frameworks */ = {
			isa = PBXFrameworksBuildPhase;
			buildActionMask = 2147483647;
			files = (
			);
			runOnlyForDeploymentPostprocessing = 0;
		};
/* End PBXFrameworksBuildPhase section */

/* Begin PBXGroup section */
		EAD36B741DEACB940021D2E1 = {
			isa = PBXGroup;
			children = (
				EAD36B7F1DEACB940021D2E1 /* waveProgress */,
				EAD36B7E1DEACB940021D2E1 /* Products */,
			);
			sourceTree = "<group>";
		};
		EAD36B7E1DEACB940021D2E1 /* Products */ = {
			isa = PBXGroup;
			children = (
				EAD36B7D1DEACB940021D2E1 /* waveProgress.app */,
			);
			name = Products;
			sourceTree = "<group>";
		};
		EAD36B7F1DEACB940021D2E1 /* waveProgress */ = {
			isa = PBXGroup;
			children = (
				EAD36B831DEACB940021D2E1 /* AppDelegate.h */,
				EAD36B841DEACB940021D2E1 /* AppDelegate.m */,
				EAD36B971DEACC0E0021D2E1 /* YHViewController.h */,
				EAD36B981DEACC0E0021D2E1 /* YHViewController.m */,
				EAD36B8C1DEACB940021D2E1 /* Assets.xcassets */,
				EAD36B8E1DEACB940021D2E1 /* LaunchScreen.storyboard */,
				EAD36B911DEACB940021D2E1 /* Info.plist */,
				EAD36B801DEACB940021D2E1 /* Supporting Files */,
			);
			path = waveProgress;
			sourceTree = "<group>";
		};
		EAD36B801DEACB940021D2E1 /* Supporting Files */ = {
			isa = PBXGroup;
			children = (
				EAD36B811DEACB940021D2E1 /* main.m */,
			);
			name = "Supporting Files";
			sourceTree = "<group>";
		};
/* End PBXGroup section */

/* Begin PBXNativeTarget section */
		EAD36B7C1DEACB940021D2E1 /* waveProgress */ = {
			isa = PBXNativeTarget;
			buildConfigurationList = EAD36B941DEACB940021D2E1 /* Build configuration list for PBXNativeTarget "waveProgress" */;
			buildPhases = (
				EAD36B791DEACB940021D2E1 /* Sources */,
				EAD36B7A1DEACB940021D2E1 /* Frameworks */,
				EAD36B7B1DEACB940021D2E1 /* Resources */,
			);
			buildRules = (
			);
			dependencies = (
			);
			name = waveProgress;
			productName = waveProgress;
			productReference = EAD36B7D1DEACB940021D2E1 /* waveProgress.app */;
			productType = "com.apple.product-type.application";
		};
/* End PBXNativeTarget section */

/* Begin PBXProject section */
		EAD36B751DEACB940021D2E1 /* Project object */ = {
			isa = PBXProject;
			attributes = {
				LastUpgradeCheck = 0800;
				ORGANIZATIONNAME = YYH;
				TargetAttributes = {
					EAD36B7C1DEACB940021D2E1 = {
						CreatedOnToolsVersion = 8.0;
						DevelopmentTeam = 22V9RUWY73;
						ProvisioningStyle = Automatic;
					};
				};
			};
			buildConfigurationList = EAD36B781DEACB940021D2E1 /* Build configuration list for PBXProject "waveProgress" */;
			compatibilityVersion = "Xcode 3.2";
			developmentRegion = English;
			hasScannedForEncodings = 0;
			knownRegions = (
				en,
				Base,
			);
			mainGroup = EAD36B741DEACB940021D2E1;
			productRefGroup = EAD36B7E1DEACB940021D2E1 /* Products */;
			projectDirPath = "";
			projectRoot = "";
			targets = (
				EAD36B7C1DEACB940021D2E1 /* waveProgress */,
			);
		};
/* End PBXProject section */

/* Begin PBXResourcesBuildPhase section */
		EAD36B7B1DEACB940021D2E1 /* Resources */ = {
			isa = PBXResourcesBuildPhase;
			buildActionMask = 2147483647;
			files = (
				EAD36B901DEACB940021D2E1 /* LaunchScreen.storyboard in Resources */,
				EAD36B8D1DEACB940021D2E1 /* Assets.xcassets in Resources */,
			);
			runOnlyForDeploymentPostprocessing = 0;
		};
/* End PBXResourcesBuildPhase section */

/* Begin PBXSourcesBuildPhase section */
		EAD36B791DEACB940021D2E1 /* Sources */ = {
			isa = PBXSourcesBuildPhase;
			buildActionMask = 2147483647;
			files = (
				EAD36B851DEACB940021D2E1 /* AppDelegate.m in Sources */,
				EAD36B991DEACC0E0021D2E1 /* YHViewController.m in Sources */,
				EAD36B821DEACB940021D2E1 /* main.m in Sources */,
			);
			runOnlyForDeploymentPostprocessing = 0;
		};
/* End PBXSourcesBuildPhase section */

/* Begin PBXVariantGroup section */
		EAD36B8E1DEACB940021D2E1 /* LaunchScreen.storyboard */ = {
			isa = PBXVariantGroup;
			children = (
				EAD36B8F1DEACB940021D2E1 /* Base */,
			);
			name = LaunchScreen.storyboard;
			sourceTree = "<group>";
		};
/* End PBXVariantGroup section */

/* Begin XCBuildConfiguration section */
		EAD36B921DEACB940021D2E1 /* Debug */ = {
			isa = XCBuildConfiguration;
			buildSettings = {
				ALWAYS_SEARCH_USER_PATHS = NO;
				CLANG_ANALYZER_NONNULL = YES;
				CLANG_CXX_LANGUAGE_STANDARD = "gnu++0x";
				CLANG_CXX_LIBRARY = "libc++";
				CLANG_ENABLE_MODULES = YES;
				CLANG_ENABLE_OBJC_ARC = YES;
				CLANG_WARN_BOOL_CONVERSION = YES;
				CLANG_WARN_CONSTANT_CONVERSION = YES;
				CLANG_WARN_DIRECT_OBJC_ISA_USAGE = YES_ERROR;
				CLANG_WARN_DOCUMENTATION_COMMENTS = YES;
				CLANG_WARN_EMPTY_BODY = YES;
				CLANG_WARN_ENUM_CONVERSION = YES;
				CLANG_WARN_INFINITE_RECURSION = YES;
				CLANG_WARN_INT_CONVERSION = YES;
				CLANG_WARN_OBJC_ROOT_CLASS = YES_ERROR;
				CLANG_WARN_SUSPICIOUS_MOVES = YES;
				CLANG_WARN_UNREACHABLE_CODE = YES;
				CLANG_WARN__DUPLICATE_METHOD_MATCH = YES;
				"CODE_SIGN_IDENTITY[sdk=iphoneos*]" = "iPhone Developer";
				COPY_PHASE_STRIP = NO;
				DEBUG_INFORMATION_FORMAT = dwarf;
				ENABLE_STRICT_OBJC_MSGSEND = YES;
				ENABLE_TESTABILITY = YES;
				GCC_C_LANGUAGE_STANDARD = gnu99;
				GCC_DYNAMIC_NO_PIC = NO;
				GCC_NO_COMMON_BLOCKS = YES;
				GCC_OPTIMIZATION_LEVEL = 0;
				GCC_PREPROCESSOR_DEFINITIONS = (
					"DEBUG=1",
					"$(inherited)",
				);
				GCC_WARN_64_TO_32_BIT_CONVERSION = YES;
				GCC_WARN_ABOUT_RETURN_TYPE = YES_ERROR;
				GCC_WARN_UNDECLARED_SELECTOR = YES;
				GCC_WARN_UNINITIALIZED_AUTOS = YES_AGGRESSIVE;
				GCC_WARN_UNUSED_FUNCTION = YES;
				GCC_WARN_UNUSED_VARIABLE = YES;
				IPHONEOS_DEPLOYMENT_TARGET = 10.0;
				MTL_ENABLE_DEBUG_INFO = YES;
				ONLY_ACTIVE_ARCH = YES;
				SDKROOT = iphoneos;
			};
			name = Debug;
		};
		EAD36B931DEACB940021D2E1 /* Release */ = {
			isa = XCBuildConfiguration;
			buildSettings = {
				ALWAYS_SEARCH_USER_PATHS = NO;
				CLANG_ANALYZER_NONNULL = YES;
				CLANG_CXX_LANGUAGE_STANDARD = "gnu++0x";
				CLANG_CXX_LIBRARY = "libc++";
				CLANG_ENABLE_MODULES = YES;
				CLANG_ENABLE_OBJC_ARC = YES;
				CLANG_WARN_BOOL_CONVERSION = YES;
				CLANG_WARN_CONSTANT_CONVERSION = YES;
				CLANG_WARN_DIRECT_OBJC_ISA_USAGE = YES_ERROR;
				CLANG_WARN_DOCUMENTATION_COMMENTS = YES;
				CLANG_WARN_EMPTY_BODY = YES;
				CLANG_WARN_ENUM_CONVERSION = YES;
				CLANG_WARN_INFINITE_RECURSION = YES;
				CLANG_WARN_INT_CONVERSION = YES;
				CLANG_WARN_OBJC_ROOT_CLASS = YES_ERROR;
				CLANG_WARN_SUSPICIOUS_MOVES = YES;
				CLANG_WARN_UNREACHABLE_CODE = YES;
				CLANG_WARN__DUPLICATE_METHOD_MATCH = YES;
				"CODE_SIGN_IDENTITY[sdk=iphoneos*]" = "iPhone Developer";
				COPY_PHASE_STRIP = NO;
				DEBUG_INFORMATION_FORMAT = "dwarf-with-dsym";
				ENABLE_NS_ASSERTIONS = NO;
				ENABLE_STRICT_OBJC_MSGSEND = YES;
				GCC_C_LANGUAGE_STANDARD = gnu99;
				GCC_NO_COMMON_BLOCKS = YES;
				GCC_WARN_64_TO_32_BIT_CONVERSION = YES;
				GCC_WARN_ABOUT_RETURN_TYPE = YES_ERROR;
				GCC_WARN_UNDECLARED_SELECTOR = YES;
				GCC_WARN_UNINITIALIZED_AUTOS = YES_AGGRESSIVE;
				GCC_WARN_UNUSED_FUNCTION = YES;
				GCC_WARN_UNUSED_VARIABLE = YES;
				IPHONEOS_DEPLOYMENT_TARGET = 10.0;
				MTL_ENABLE_DEBUG_INFO = NO;
				SDKROOT = iphoneos;
				VALIDATE_PRODUCT = YES;
			};
			name = Release;
		};
		EAD36B951DEACB940021D2E1 /* Debug */ = {
			isa = XCBuildConfiguration;
			buildSettings = {
				ASSETCATALOG_COMPILER_APPICON_NAME = AppIcon;
				DEVELOPMENT_TEAM = 22V9RUWY73;
				INFOPLIST_FILE = waveProgress/Info.plist;
				LD_RUNPATH_SEARCH_PATHS = "$(inherited) @executable_path/Frameworks";
				PRODUCT_BUNDLE_IDENTIFIER = cn.yyh.waveProgress;
				PRODUCT_NAME = "$(TARGET_NAME)";
			};
			name = Debug;
		};
		EAD36B961DEACB940021D2E1 /* Release */ = {
			isa = XCBuildConfiguration;
			buildSettings = {
				ASSETCATALOG_COMPILER_APPICON_NAME = AppIcon;
				DEVELOPMENT_TEAM = 22V9RUWY73;
				INFOPLIST_FILE = waveProgress/Info.plist;
				LD_RUNPATH_SEARCH_PATHS = "$(inherited) @executable_path/Frameworks";
				PRODUCT_BUNDLE_IDENTIFIER = cn.yyh.waveProgress;
				PRODUCT_NAME = "$(TARGET_NAME)";
			};
			name = Release;
		};
/* End XCBuildConfiguration section */

/* Begin XCConfigurationList section */
		EAD36B781DEACB940021D2E1 /* Build configuration list for PBXProject "waveProgress" */ = {
			isa = XCConfigurationList;
			buildConfigurations = (
				EAD36B921DEACB940021D2E1 /* Debug */,
				EAD36B931DEACB940021D2E1 /* Release */,
			);
			defaultConfigurationIsVisible = 0;
			defaultConfigurationName = Release;
		};
		EAD36B941DEACB940021D2E1 /* Build configuration list for PBXNativeTarget "waveProgress" */ = {
			isa = XCConfigurationList;
			buildConfigurations = (
				EAD36B951DEACB940021D2E1 /* Debug */,
				EAD36B961DEACB940021D2E1 /* Release */,
			);
			defaultConfigurationIsVisible = 0;
			defaultConfigurationName = Release;
		};
/* End XCConfigurationList section */
	};
	rootObject = EAD36B751DEACB940021D2E1 /* Project object */;
}
